
Microsoft Visual Studio Solution File, Format Version 12.00
# Visual Studio Version 16
VisualStudioVersion = 16.0.29025.244
MinimumVisualStudioVersion = 10.0.40219.1
Project("{FAE04EC0-301F-11D3-BF4B-00C04F79EFBC}") = "Wpf", "Wpf\Wpf.csproj", "{0AC46F1F-DDEC-4164-BC44-A018D41735B7}"
EndProject
Project("{FAE04EC0-301F-11D3-BF4B-00C04F79EFBC}") = "ViewModel", "ViewModel\ViewModel.csproj", "{B3A1C736-6083-4C9F-A3B2-A6E08517DEE8}"
EndProject
Project("{FAE04EC0-301F-11D3-BF4B-00C04F79EFBC}") = "Model", "Model\Model.csproj", "{68C6989E-0652-4B83-9DE8-7B5C0BFA9A81}"
EndProject
Project("{FAE04EC0-301F-11D3-BF4B-00C04F79EFBC}") = "Modelのテスト", "Modelのテスト\Modelのテスト.csproj", "{C9DC6D03-3D03-4E85-AAF3-D0FD372BDA05}"
EndProject
Project("{FAE04EC0-301F-11D3-BF4B-00C04F79EFBC}") = "ViewModelのテスト", "ViewModelのテスト\ViewModelのテスト.csproj", "{99EB5CC8-8662-458F-8064-7AA5C7BBEF9D}"
EndProject
Project("{2150E333-8FDC-42A3-9474-1A3956D46DE8}") = ".nuget", ".nuget", "{AA77F988-D67A-4015-A7F9-718BADACC18B}"
	ProjectSection(SolutionItems) = preProject
		.nuget\NuGet.Config = .nuget\NuGet.Config
		.nuget\NuGet.exe = .nuget\NuGet.exe
		.nuget\NuGet.targets = .nuget\NuGet.targets
		.nuget\packages.config = .nuget\packages.config
	EndProjectSection
EndProject
Project("{2150E333-8FDC-42A3-9474-1A3956D46DE8}") = "Framework", "Framework", "{332C7417-95FC-404F-97FA-CF939ED88534}"
EndProject
Project("{2150E333-8FDC-42A3-9474-1A3956D46DE8}") = "Model", "Model", "{34AB901A-4EB2-4EF6-88FA-593224FF867F}"
EndProject
Project("{FAE04EC0-301F-11D3-BF4B-00C04F79EFBC}") = "Geometry", "Framework\Model\Geometry\Geometry.csproj", "{5641B236-FDB0-4F27-A031-8451DF530340}"
EndProject
Project("{FAE04EC0-301F-11D3-BF4B-00C04F79EFBC}") = "Numerics", "Framework\Model\Numerics\Numerics.csproj", "{FC12F60C-14EC-4B13-B661-8110D3234FC0}"
EndProject
Global
	GlobalSection(SolutionConfigurationPlatforms) = preSolution
		Debug|Any CPU = Debug|Any CPU
		Release|Any CPU = Release|Any CPU
	EndGlobalSection
	GlobalSection(ProjectConfigurationPlatforms) = postSolution
		{0AC46F1F-DDEC-4164-BC44-A018D41735B7}.Debug|Any CPU.ActiveCfg = Debug|Any CPU
		{0AC46F1F-DDEC-4164-BC44-A018D41735B7}.Debug|Any CPU.Build.0 = Debug|Any CPU
		{0AC46F1F-DDEC-4164-BC44-A018D41735B7}.Release|Any CPU.ActiveCfg = Release|Any CPU
		{0AC46F1F-DDEC-4164-BC44-A018D41735B7}.Release|Any CPU.Build.0 = Release|Any CPU
		{B3A1C736-6083-4C9F-A3B2-A6E08517DEE8}.Debug|Any CPU.ActiveCfg = Debug|Any CPU
		{B3A1C736-6083-4C9F-A3B2-A6E08517DEE8}.Debug|Any CPU.Build.0 = Debug|Any CPU
		{B3A1C736-6083-4C9F-A3B2-A6E08517DEE8}.Release|Any CPU.ActiveCfg = Release|Any CPU
		{B3A1C736-6083-4C9F-A3B2-A6E08517DEE8}.Release|Any CPU.Build.0 = Release|Any CPU
		{68C6989E-0652-4B83-9DE8-7B5C0BFA9A81}.Debug|Any CPU.ActiveCfg = Debug|Any CPU
		{68C6989E-0652-4B83-9DE8-7B5C0BFA9A81}.Debug|Any CPU.Build.0 = Debug|Any CPU
		{68C6989E-0652-4B83-9DE8-7B5C0BFA9A81}.Release|Any CPU.ActiveCfg = Release|Any CPU
		{68C6989E-0652-4B83-9DE8-7B5C0BFA9A81}.Release|Any CPU.Build.0 = Release|Any CPU
		{C9DC6D03-3D03-4E85-AAF3-D0FD372BDA05}.Debug|Any CPU.ActiveCfg = Debug|Any CPU
		{C9DC6D03-3D03-4E85-AAF3-D0FD372BDA05}.Debug|Any CPU.Build.0 = Debug|Any CPU
		{C9DC6D03-3D03-4E85-AAF3-D0FD372BDA05}.Release|Any CPU.ActiveCfg = Release|Any CPU
		{C9DC6D03-3D03-4E85-AAF3-D0FD372BDA05}.Release|Any CPU.Build.0 = Release|Any CPU
		{99EB5CC8-8662-458F-8064-7AA5C7BBEF9D}.Debug|Any CPU.ActiveCfg = Debug|Any CPU
		{99EB5CC8-8662-458F-8064-7AA5C7BBEF9D}.Debug|Any CPU.Build.0 = Debug|Any CPU
		{99EB5CC8-8662-458F-8064-7AA5C7BBEF9D}.Release|Any CPU.ActiveCfg = Release|Any CPU
		{99EB5CC8-8662-458F-8064-7AA5C7BBEF9D}.Release|Any CPU.Build.0 = Release|Any CPU
		{5641B236-FDB0-4F27-A031-8451DF530340}.Debug|Any CPU.ActiveCfg = Debug|Any CPU
		{5641B236-FDB0-4F27-A031-8451DF530340}.Debug|Any CPU.Build.0 = Debug|Any CPU
		{5641B236-FDB0-4F27-A031-8451DF530340}.Release|Any CPU.ActiveCfg = Release|Any CPU
		{5641B236-FDB0-4F27-A031-8451DF530340}.Release|Any CPU.Build.0 = Release|Any CPU
		{FC12F60C-14EC-4B13-B661-8110D3234FC0}.Debug|Any CPU.ActiveCfg = Debug|Any CPU
		{FC12F60C-14EC-4B13-B661-8110D3234FC0}.Debug|Any CPU.Build.0 = Debug|Any CPU
		{FC12F60C-14EC-4B13-B661-8110D3234FC0}.Release|Any CPU.ActiveCfg = Release|Any CPU
		{FC12F60C-14EC-4B13-B661-8110D3234FC0}.Release|Any CPU.Build.0 = Release|Any CPU
	EndGlobalSection
	GlobalSection(SolutionProperties) = preSolution
		HideSolutionNode = FALSE
	EndGlobalSection
	GlobalSection(NestedProjects) = preSolution
		{34AB901A-4EB2-4EF6-88FA-593224FF867F} = {332C7417-95FC-404F-97FA-CF939ED88534}
		{5641B236-FDB0-4F27-A031-8451DF530340} = {34AB901A-4EB2-4EF6-88FA-593224FF867F}
		{FC12F60C-14EC-4B13-B661-8110D3234FC0} = {34AB901A-4EB2-4EF6-88FA-593224FF867F}
	EndGlobalSection
	GlobalSection(ExtensibilityGlobals) = postSolution
		SolutionGuid = {FECF9C78-A5AF-4ECF-A674-B7CE4FEFCD5B}
	EndGlobalSection
EndGlobal
