
Microsoft Visual Studio Solution File, Format Version 12.00
# Visual Studio Version 17
VisualStudioVersion = 17.1.32210.238
MinimumVisualStudioVersion = 10.0.40219.1
Project("{9A19103F-16F7-4668-BE54-9A1E7A4F7556}") = "ViewModel", "ViewModel\ViewModel.csproj", "{B3A1C736-6083-4C9F-A3B2-A6E08517DEE8}"
EndProject
Project("{9A19103F-16F7-4668-BE54-9A1E7A4F7556}") = "Model", "Model\Model.csproj", "{68C6989E-0652-4B83-9DE8-7B5C0BFA9A81}"
EndProject
Project("{2150E333-8FDC-42A3-9474-1A3956D46DE8}") = "Framework", "Framework", "{332C7417-95FC-404F-97FA-CF939ED88534}"
EndProject
Project("{9A19103F-16F7-4668-BE54-9A1E7A4F7556}") = "IO", "Framework\IO\IO.csproj", "{0A14577B-41AB-45C7-B096-A964BB9AE68F}"
EndProject
Project("{9A19103F-16F7-4668-BE54-9A1E7A4F7556}") = "Geometry", "Framework\Geometry\Geometry.csproj", "{5641B236-FDB0-4F27-A031-8451DF530340}"
EndProject
Project("{9A19103F-16F7-4668-BE54-9A1E7A4F7556}") = "Topology", "Framework\Topology\Topology.csproj", "{75837C4D-6332-44DD-AFED-18C0C10169C2}"
EndProject
Project("{2150E333-8FDC-42A3-9474-1A3956D46DE8}") = "Application", "Application", "{BEACE88C-AF5E-4E20-8E75-31AE8DBDAE81}"
EndProject
Project("{2150E333-8FDC-42A3-9474-1A3956D46DE8}") = "UnitTest", "UnitTest", "{F6537CDE-0C14-4EC1-9E6F-E7F4F60AAE32}"
EndProject
Project("{2150E333-8FDC-42A3-9474-1A3956D46DE8}") = "Framework", "Framework", "{4FEF2F7E-1640-4509-8A01-CCF00F0B7D13}"
EndProject
Project("{2150E333-8FDC-42A3-9474-1A3956D46DE8}") = "TestData", "TestData", "{0CA7273E-1874-439A-A89D-FA2557F15297}"
EndProject
Project("{2150E333-8FDC-42A3-9474-1A3956D46DE8}") = "STLAscii", "STLAscii", "{719E8FD3-3B8D-4A82-B5C3-201EA2D60C25}"
	ProjectSection(SolutionItems) = preProject
		UnitTest\TestData\STLAscii\cube-ascii.stl = UnitTest\TestData\STLAscii\cube-ascii.stl
		UnitTest\TestData\STLAscii\singleFacet-ascii.stl = UnitTest\TestData\STLAscii\singleFacet-ascii.stl
	EndProjectSection
EndProject
Project("{2150E333-8FDC-42A3-9474-1A3956D46DE8}") = "STLBinary", "STLBinary", "{CE572CCB-F6D2-4976-B881-1E9739FC6EC9}"
	ProjectSection(SolutionItems) = preProject
		UnitTest\TestData\STLBinary\cube-binary.stl = UnitTest\TestData\STLBinary\cube-binary.stl
	EndProjectSection
EndProject
Project("{9A19103F-16F7-4668-BE54-9A1E7A4F7556}") = "RedRing", "RedRing\RedRing.csproj", "{0AC46F1F-DDEC-4164-BC44-A018D41735B7}"
EndProject
Project("{9A19103F-16F7-4668-BE54-9A1E7A4F7556}") = "Element", "Framework\Element\Element.csproj", "{ADC79DFD-1F25-47EB-8C34-5D89C9717797}"
EndProject
Project("{9A19103F-16F7-4668-BE54-9A1E7A4F7556}") = "Attribute", "Framework\Attribute\Attribute.csproj", "{43566F81-B1B8-4481-A4FA-539BC67D970B}"
EndProject
Project("{2150E333-8FDC-42A3-9474-1A3956D46DE8}") = "Common", "Common", "{11680ACD-8B76-43E4-B6D4-53887F34ECDD}"
EndProject
Project("{9A19103F-16F7-4668-BE54-9A1E7A4F7556}") = "Numerics", "Common\Numerics\Numerics.csproj", "{7029F7BD-D96C-47DD-9FD7-E67E3CF3B3B5}"
EndProject
Project("{C7167F0D-BC9F-4E6E-AFE1-012C56B48DB5}") = "WapProjRedRing", "WapProjRedRing\WapProjRedRing.wapproj", "{CFB54E08-34B8-437F-92C5-1DD000DD7EC8}"
EndProject
Project("{9A19103F-16F7-4668-BE54-9A1E7A4F7556}") = "IO", "UnitTest\Framework\IO\IO.csproj", "{FE2FFB98-8F07-413C-9BF0-D811304BFC57}"
EndProject
Project("{9A19103F-16F7-4668-BE54-9A1E7A4F7556}") = "Geometry", "UnitTest\Framework\Geometry\Geometry.csproj", "{7248FE04-092C-4FF4-B89E-837A82956F71}"
EndProject
Project("{54435603-DBB4-11D2-8724-00A0C9A8B90C}") = "Setup", "Setup\Setup.vdproj", "{C67F1067-7CFA-4F98-9A33-7BAF95BC7C25}"
EndProject
Global
	GlobalSection(SolutionConfigurationPlatforms) = preSolution
		Debug|Any CPU = Debug|Any CPU
		Debug|x64 = Debug|x64
		Debug|x86 = Debug|x86
		Release|Any CPU = Release|Any CPU
		Release|x64 = Release|x64
		Release|x86 = Release|x86
	EndGlobalSection
	GlobalSection(ProjectConfigurationPlatforms) = postSolution
		{B3A1C736-6083-4C9F-A3B2-A6E08517DEE8}.Debug|Any CPU.ActiveCfg = Debug|Any CPU
		{B3A1C736-6083-4C9F-A3B2-A6E08517DEE8}.Debug|Any CPU.Build.0 = Debug|Any CPU
		{B3A1C736-6083-4C9F-A3B2-A6E08517DEE8}.Debug|x64.ActiveCfg = Debug|x64
		{B3A1C736-6083-4C9F-A3B2-A6E08517DEE8}.Debug|x64.Build.0 = Debug|x64
		{B3A1C736-6083-4C9F-A3B2-A6E08517DEE8}.Debug|x86.ActiveCfg = Debug|x86
		{B3A1C736-6083-4C9F-A3B2-A6E08517DEE8}.Debug|x86.Build.0 = Debug|x86
		{B3A1C736-6083-4C9F-A3B2-A6E08517DEE8}.Release|Any CPU.ActiveCfg = Release|Any CPU
		{B3A1C736-6083-4C9F-A3B2-A6E08517DEE8}.Release|Any CPU.Build.0 = Release|Any CPU
		{B3A1C736-6083-4C9F-A3B2-A6E08517DEE8}.Release|x64.ActiveCfg = Release|x64
		{B3A1C736-6083-4C9F-A3B2-A6E08517DEE8}.Release|x64.Build.0 = Release|x64
		{B3A1C736-6083-4C9F-A3B2-A6E08517DEE8}.Release|x86.ActiveCfg = Release|x86
		{B3A1C736-6083-4C9F-A3B2-A6E08517DEE8}.Release|x86.Build.0 = Release|x86
		{68C6989E-0652-4B83-9DE8-7B5C0BFA9A81}.Debug|Any CPU.ActiveCfg = Debug|Any CPU
		{68C6989E-0652-4B83-9DE8-7B5C0BFA9A81}.Debug|Any CPU.Build.0 = Debug|Any CPU
		{68C6989E-0652-4B83-9DE8-7B5C0BFA9A81}.Debug|x64.ActiveCfg = Debug|x64
		{68C6989E-0652-4B83-9DE8-7B5C0BFA9A81}.Debug|x64.Build.0 = Debug|x64
		{68C6989E-0652-4B83-9DE8-7B5C0BFA9A81}.Debug|x86.ActiveCfg = Debug|x86
		{68C6989E-0652-4B83-9DE8-7B5C0BFA9A81}.Debug|x86.Build.0 = Debug|x86
		{68C6989E-0652-4B83-9DE8-7B5C0BFA9A81}.Release|Any CPU.ActiveCfg = Release|Any CPU
		{68C6989E-0652-4B83-9DE8-7B5C0BFA9A81}.Release|Any CPU.Build.0 = Release|Any CPU
		{68C6989E-0652-4B83-9DE8-7B5C0BFA9A81}.Release|x64.ActiveCfg = Release|x64
		{68C6989E-0652-4B83-9DE8-7B5C0BFA9A81}.Release|x64.Build.0 = Release|x64
		{68C6989E-0652-4B83-9DE8-7B5C0BFA9A81}.Release|x86.ActiveCfg = Release|x86
		{68C6989E-0652-4B83-9DE8-7B5C0BFA9A81}.Release|x86.Build.0 = Release|x86
		{0A14577B-41AB-45C7-B096-A964BB9AE68F}.Debug|Any CPU.ActiveCfg = Debug|Any CPU
		{0A14577B-41AB-45C7-B096-A964BB9AE68F}.Debug|Any CPU.Build.0 = Debug|Any CPU
		{0A14577B-41AB-45C7-B096-A964BB9AE68F}.Debug|x64.ActiveCfg = Debug|Any CPU
		{0A14577B-41AB-45C7-B096-A964BB9AE68F}.Debug|x64.Build.0 = Debug|Any CPU
		{0A14577B-41AB-45C7-B096-A964BB9AE68F}.Debug|x86.ActiveCfg = Debug|x86
		{0A14577B-41AB-45C7-B096-A964BB9AE68F}.Debug|x86.Build.0 = Debug|x86
		{0A14577B-41AB-45C7-B096-A964BB9AE68F}.Release|Any CPU.ActiveCfg = Release|Any CPU
		{0A14577B-41AB-45C7-B096-A964BB9AE68F}.Release|Any CPU.Build.0 = Release|Any CPU
		{0A14577B-41AB-45C7-B096-A964BB9AE68F}.Release|x64.ActiveCfg = Release|Any CPU
		{0A14577B-41AB-45C7-B096-A964BB9AE68F}.Release|x64.Build.0 = Release|Any CPU
		{0A14577B-41AB-45C7-B096-A964BB9AE68F}.Release|x86.ActiveCfg = Release|x86
		{0A14577B-41AB-45C7-B096-A964BB9AE68F}.Release|x86.Build.0 = Release|x86
		{5641B236-FDB0-4F27-A031-8451DF530340}.Debug|Any CPU.ActiveCfg = Debug|Any CPU
		{5641B236-FDB0-4F27-A031-8451DF530340}.Debug|Any CPU.Build.0 = Debug|Any CPU
		{5641B236-FDB0-4F27-A031-8451DF530340}.Debug|x64.ActiveCfg = Debug|Any CPU
		{5641B236-FDB0-4F27-A031-8451DF530340}.Debug|x64.Build.0 = Debug|Any CPU
		{5641B236-FDB0-4F27-A031-8451DF530340}.Debug|x86.ActiveCfg = Debug|x86
		{5641B236-FDB0-4F27-A031-8451DF530340}.Debug|x86.Build.0 = Debug|x86
		{5641B236-FDB0-4F27-A031-8451DF530340}.Release|Any CPU.ActiveCfg = Release|Any CPU
		{5641B236-FDB0-4F27-A031-8451DF530340}.Release|Any CPU.Build.0 = Release|Any CPU
		{5641B236-FDB0-4F27-A031-8451DF530340}.Release|x64.ActiveCfg = Release|Any CPU
		{5641B236-FDB0-4F27-A031-8451DF530340}.Release|x64.Build.0 = Release|Any CPU
		{5641B236-FDB0-4F27-A031-8451DF530340}.Release|x86.ActiveCfg = Release|x86
		{5641B236-FDB0-4F27-A031-8451DF530340}.Release|x86.Build.0 = Release|x86
		{75837C4D-6332-44DD-AFED-18C0C10169C2}.Debug|Any CPU.ActiveCfg = Debug|Any CPU
		{75837C4D-6332-44DD-AFED-18C0C10169C2}.Debug|Any CPU.Build.0 = Debug|Any CPU
		{75837C4D-6332-44DD-AFED-18C0C10169C2}.Debug|x64.ActiveCfg = Debug|x64
		{75837C4D-6332-44DD-AFED-18C0C10169C2}.Debug|x64.Build.0 = Debug|x64
		{75837C4D-6332-44DD-AFED-18C0C10169C2}.Debug|x86.ActiveCfg = Debug|x86
		{75837C4D-6332-44DD-AFED-18C0C10169C2}.Debug|x86.Build.0 = Debug|x86
		{75837C4D-6332-44DD-AFED-18C0C10169C2}.Release|Any CPU.ActiveCfg = Release|Any CPU
		{75837C4D-6332-44DD-AFED-18C0C10169C2}.Release|Any CPU.Build.0 = Release|Any CPU
		{75837C4D-6332-44DD-AFED-18C0C10169C2}.Release|x64.ActiveCfg = Release|x64
		{75837C4D-6332-44DD-AFED-18C0C10169C2}.Release|x64.Build.0 = Release|x64
		{75837C4D-6332-44DD-AFED-18C0C10169C2}.Release|x86.ActiveCfg = Release|x86
		{75837C4D-6332-44DD-AFED-18C0C10169C2}.Release|x86.Build.0 = Release|x86
		{0AC46F1F-DDEC-4164-BC44-A018D41735B7}.Debug|Any CPU.ActiveCfg = Debug|Any CPU
		{0AC46F1F-DDEC-4164-BC44-A018D41735B7}.Debug|Any CPU.Build.0 = Debug|Any CPU
		{0AC46F1F-DDEC-4164-BC44-A018D41735B7}.Debug|x64.ActiveCfg = Debug|x64
		{0AC46F1F-DDEC-4164-BC44-A018D41735B7}.Debug|x64.Build.0 = Debug|x64
		{0AC46F1F-DDEC-4164-BC44-A018D41735B7}.Debug|x86.ActiveCfg = Debug|x86
		{0AC46F1F-DDEC-4164-BC44-A018D41735B7}.Debug|x86.Build.0 = Debug|x86
		{0AC46F1F-DDEC-4164-BC44-A018D41735B7}.Release|Any CPU.ActiveCfg = Release|Any CPU
		{0AC46F1F-DDEC-4164-BC44-A018D41735B7}.Release|Any CPU.Build.0 = Release|Any CPU
		{0AC46F1F-DDEC-4164-BC44-A018D41735B7}.Release|x64.ActiveCfg = Release|x64
		{0AC46F1F-DDEC-4164-BC44-A018D41735B7}.Release|x64.Build.0 = Release|x64
		{0AC46F1F-DDEC-4164-BC44-A018D41735B7}.Release|x86.ActiveCfg = Release|x86
		{0AC46F1F-DDEC-4164-BC44-A018D41735B7}.Release|x86.Build.0 = Release|x86
		{ADC79DFD-1F25-47EB-8C34-5D89C9717797}.Debug|Any CPU.ActiveCfg = Debug|Any CPU
		{ADC79DFD-1F25-47EB-8C34-5D89C9717797}.Debug|Any CPU.Build.0 = Debug|Any CPU
		{ADC79DFD-1F25-47EB-8C34-5D89C9717797}.Debug|x64.ActiveCfg = Debug|x64
		{ADC79DFD-1F25-47EB-8C34-5D89C9717797}.Debug|x64.Build.0 = Debug|x64
		{ADC79DFD-1F25-47EB-8C34-5D89C9717797}.Debug|x86.ActiveCfg = Debug|x86
		{ADC79DFD-1F25-47EB-8C34-5D89C9717797}.Debug|x86.Build.0 = Debug|x86
		{ADC79DFD-1F25-47EB-8C34-5D89C9717797}.Release|Any CPU.ActiveCfg = Release|Any CPU
		{ADC79DFD-1F25-47EB-8C34-5D89C9717797}.Release|Any CPU.Build.0 = Release|Any CPU
		{ADC79DFD-1F25-47EB-8C34-5D89C9717797}.Release|x64.ActiveCfg = Release|x64
		{ADC79DFD-1F25-47EB-8C34-5D89C9717797}.Release|x64.Build.0 = Release|x64
		{ADC79DFD-1F25-47EB-8C34-5D89C9717797}.Release|x86.ActiveCfg = Release|x86
		{ADC79DFD-1F25-47EB-8C34-5D89C9717797}.Release|x86.Build.0 = Release|x86
		{43566F81-B1B8-4481-A4FA-539BC67D970B}.Debug|Any CPU.ActiveCfg = Debug|Any CPU
		{43566F81-B1B8-4481-A4FA-539BC67D970B}.Debug|Any CPU.Build.0 = Debug|Any CPU
		{43566F81-B1B8-4481-A4FA-539BC67D970B}.Debug|x64.ActiveCfg = Debug|x64
		{43566F81-B1B8-4481-A4FA-539BC67D970B}.Debug|x64.Build.0 = Debug|x64
		{43566F81-B1B8-4481-A4FA-539BC67D970B}.Debug|x86.ActiveCfg = Debug|x86
		{43566F81-B1B8-4481-A4FA-539BC67D970B}.Debug|x86.Build.0 = Debug|x86
		{43566F81-B1B8-4481-A4FA-539BC67D970B}.Release|Any CPU.ActiveCfg = Release|Any CPU
		{43566F81-B1B8-4481-A4FA-539BC67D970B}.Release|Any CPU.Build.0 = Release|Any CPU
		{43566F81-B1B8-4481-A4FA-539BC67D970B}.Release|x64.ActiveCfg = Release|x64
		{43566F81-B1B8-4481-A4FA-539BC67D970B}.Release|x64.Build.0 = Release|x64
		{43566F81-B1B8-4481-A4FA-539BC67D970B}.Release|x86.ActiveCfg = Release|x86
		{43566F81-B1B8-4481-A4FA-539BC67D970B}.Release|x86.Build.0 = Release|x86
		{7029F7BD-D96C-47DD-9FD7-E67E3CF3B3B5}.Debug|Any CPU.ActiveCfg = Debug|Any CPU
		{7029F7BD-D96C-47DD-9FD7-E67E3CF3B3B5}.Debug|Any CPU.Build.0 = Debug|Any CPU
		{7029F7BD-D96C-47DD-9FD7-E67E3CF3B3B5}.Debug|x64.ActiveCfg = Debug|x64
		{7029F7BD-D96C-47DD-9FD7-E67E3CF3B3B5}.Debug|x64.Build.0 = Debug|x64
		{7029F7BD-D96C-47DD-9FD7-E67E3CF3B3B5}.Debug|x86.ActiveCfg = Debug|x86
		{7029F7BD-D96C-47DD-9FD7-E67E3CF3B3B5}.Debug|x86.Build.0 = Debug|x86
		{7029F7BD-D96C-47DD-9FD7-E67E3CF3B3B5}.Release|Any CPU.ActiveCfg = Release|Any CPU
		{7029F7BD-D96C-47DD-9FD7-E67E3CF3B3B5}.Release|Any CPU.Build.0 = Release|Any CPU
		{7029F7BD-D96C-47DD-9FD7-E67E3CF3B3B5}.Release|x64.ActiveCfg = Release|x64
		{7029F7BD-D96C-47DD-9FD7-E67E3CF3B3B5}.Release|x64.Build.0 = Release|x64
		{7029F7BD-D96C-47DD-9FD7-E67E3CF3B3B5}.Release|x86.ActiveCfg = Release|x86
		{7029F7BD-D96C-47DD-9FD7-E67E3CF3B3B5}.Release|x86.Build.0 = Release|x86
		{CFB54E08-34B8-437F-92C5-1DD000DD7EC8}.Debug|Any CPU.ActiveCfg = Debug|Any CPU
		{CFB54E08-34B8-437F-92C5-1DD000DD7EC8}.Debug|Any CPU.Build.0 = Debug|Any CPU
		{CFB54E08-34B8-437F-92C5-1DD000DD7EC8}.Debug|Any CPU.Deploy.0 = Debug|Any CPU
		{CFB54E08-34B8-437F-92C5-1DD000DD7EC8}.Debug|x64.ActiveCfg = Debug|x64
		{CFB54E08-34B8-437F-92C5-1DD000DD7EC8}.Debug|x64.Build.0 = Debug|x64
		{CFB54E08-34B8-437F-92C5-1DD000DD7EC8}.Debug|x64.Deploy.0 = Debug|x64
		{CFB54E08-34B8-437F-92C5-1DD000DD7EC8}.Debug|x86.ActiveCfg = Debug|x86
		{CFB54E08-34B8-437F-92C5-1DD000DD7EC8}.Debug|x86.Build.0 = Debug|x86
		{CFB54E08-34B8-437F-92C5-1DD000DD7EC8}.Debug|x86.Deploy.0 = Debug|x86
		{CFB54E08-34B8-437F-92C5-1DD000DD7EC8}.Release|Any CPU.ActiveCfg = Release|Any CPU
		{CFB54E08-34B8-437F-92C5-1DD000DD7EC8}.Release|Any CPU.Build.0 = Release|Any CPU
		{CFB54E08-34B8-437F-92C5-1DD000DD7EC8}.Release|Any CPU.Deploy.0 = Release|Any CPU
		{CFB54E08-34B8-437F-92C5-1DD000DD7EC8}.Release|x64.ActiveCfg = Release|x64
		{CFB54E08-34B8-437F-92C5-1DD000DD7EC8}.Release|x64.Build.0 = Release|x64
		{CFB54E08-34B8-437F-92C5-1DD000DD7EC8}.Release|x64.Deploy.0 = Release|x64
		{CFB54E08-34B8-437F-92C5-1DD000DD7EC8}.Release|x86.ActiveCfg = Release|x86
		{CFB54E08-34B8-437F-92C5-1DD000DD7EC8}.Release|x86.Build.0 = Release|x86
		{CFB54E08-34B8-437F-92C5-1DD000DD7EC8}.Release|x86.Deploy.0 = Release|x86
		{FE2FFB98-8F07-413C-9BF0-D811304BFC57}.Debug|Any CPU.ActiveCfg = Debug|Any CPU
		{FE2FFB98-8F07-413C-9BF0-D811304BFC57}.Debug|Any CPU.Build.0 = Debug|Any CPU
		{FE2FFB98-8F07-413C-9BF0-D811304BFC57}.Debug|x64.ActiveCfg = Debug|Any CPU
		{FE2FFB98-8F07-413C-9BF0-D811304BFC57}.Debug|x64.Build.0 = Debug|Any CPU
		{FE2FFB98-8F07-413C-9BF0-D811304BFC57}.Debug|x86.ActiveCfg = Debug|x86
		{FE2FFB98-8F07-413C-9BF0-D811304BFC57}.Debug|x86.Build.0 = Debug|x86
		{FE2FFB98-8F07-413C-9BF0-D811304BFC57}.Release|Any CPU.ActiveCfg = Release|Any CPU
		{FE2FFB98-8F07-413C-9BF0-D811304BFC57}.Release|Any CPU.Build.0 = Release|Any CPU
		{FE2FFB98-8F07-413C-9BF0-D811304BFC57}.Release|x64.ActiveCfg = Release|Any CPU
		{FE2FFB98-8F07-413C-9BF0-D811304BFC57}.Release|x64.Build.0 = Release|Any CPU
		{FE2FFB98-8F07-413C-9BF0-D811304BFC57}.Release|x86.ActiveCfg = Release|x86
		{FE2FFB98-8F07-413C-9BF0-D811304BFC57}.Release|x86.Build.0 = Release|x86
		{7248FE04-092C-4FF4-B89E-837A82956F71}.Debug|Any CPU.ActiveCfg = Debug|Any CPU
		{7248FE04-092C-4FF4-B89E-837A82956F71}.Debug|Any CPU.Build.0 = Debug|Any CPU
		{7248FE04-092C-4FF4-B89E-837A82956F71}.Debug|x64.ActiveCfg = Debug|Any CPU
		{7248FE04-092C-4FF4-B89E-837A82956F71}.Debug|x64.Build.0 = Debug|Any CPU
		{7248FE04-092C-4FF4-B89E-837A82956F71}.Debug|x86.ActiveCfg = Debug|x86
		{7248FE04-092C-4FF4-B89E-837A82956F71}.Debug|x86.Build.0 = Debug|x86
		{7248FE04-092C-4FF4-B89E-837A82956F71}.Release|Any CPU.ActiveCfg = Release|Any CPU
		{7248FE04-092C-4FF4-B89E-837A82956F71}.Release|Any CPU.Build.0 = Release|Any CPU
		{7248FE04-092C-4FF4-B89E-837A82956F71}.Release|x64.ActiveCfg = Release|Any CPU
		{7248FE04-092C-4FF4-B89E-837A82956F71}.Release|x64.Build.0 = Release|Any CPU
		{7248FE04-092C-4FF4-B89E-837A82956F71}.Release|x86.ActiveCfg = Release|x86
		{7248FE04-092C-4FF4-B89E-837A82956F71}.Release|x86.Build.0 = Release|x86
		{C67F1067-7CFA-4F98-9A33-7BAF95BC7C25}.Debug|Any CPU.ActiveCfg = Debug
		{C67F1067-7CFA-4F98-9A33-7BAF95BC7C25}.Debug|Any CPU.Build.0 = Debug
		{C67F1067-7CFA-4F98-9A33-7BAF95BC7C25}.Debug|x64.ActiveCfg = Debug
		{C67F1067-7CFA-4F98-9A33-7BAF95BC7C25}.Debug|x64.Build.0 = Debug
		{C67F1067-7CFA-4F98-9A33-7BAF95BC7C25}.Debug|x86.ActiveCfg = Debug
		{C67F1067-7CFA-4F98-9A33-7BAF95BC7C25}.Debug|x86.Build.0 = Debug
		{C67F1067-7CFA-4F98-9A33-7BAF95BC7C25}.Release|Any CPU.ActiveCfg = Release
		{C67F1067-7CFA-4F98-9A33-7BAF95BC7C25}.Release|Any CPU.Build.0 = Release
		{C67F1067-7CFA-4F98-9A33-7BAF95BC7C25}.Release|x64.ActiveCfg = Release
		{C67F1067-7CFA-4F98-9A33-7BAF95BC7C25}.Release|x64.Build.0 = Release
		{C67F1067-7CFA-4F98-9A33-7BAF95BC7C25}.Release|x86.ActiveCfg = Release
		{C67F1067-7CFA-4F98-9A33-7BAF95BC7C25}.Release|x86.Build.0 = Release
	EndGlobalSection
	GlobalSection(SolutionProperties) = preSolution
		HideSolutionNode = FALSE
	EndGlobalSection
	GlobalSection(NestedProjects) = preSolution
		{0A14577B-41AB-45C7-B096-A964BB9AE68F} = {332C7417-95FC-404F-97FA-CF939ED88534}
		{5641B236-FDB0-4F27-A031-8451DF530340} = {332C7417-95FC-404F-97FA-CF939ED88534}
		{75837C4D-6332-44DD-AFED-18C0C10169C2} = {332C7417-95FC-404F-97FA-CF939ED88534}
		{4FEF2F7E-1640-4509-8A01-CCF00F0B7D13} = {F6537CDE-0C14-4EC1-9E6F-E7F4F60AAE32}
		{0CA7273E-1874-439A-A89D-FA2557F15297} = {F6537CDE-0C14-4EC1-9E6F-E7F4F60AAE32}
		{719E8FD3-3B8D-4A82-B5C3-201EA2D60C25} = {0CA7273E-1874-439A-A89D-FA2557F15297}
		{CE572CCB-F6D2-4976-B881-1E9739FC6EC9} = {0CA7273E-1874-439A-A89D-FA2557F15297}
		{ADC79DFD-1F25-47EB-8C34-5D89C9717797} = {332C7417-95FC-404F-97FA-CF939ED88534}
		{43566F81-B1B8-4481-A4FA-539BC67D970B} = {332C7417-95FC-404F-97FA-CF939ED88534}
		{7029F7BD-D96C-47DD-9FD7-E67E3CF3B3B5} = {11680ACD-8B76-43E4-B6D4-53887F34ECDD}
		{FE2FFB98-8F07-413C-9BF0-D811304BFC57} = {4FEF2F7E-1640-4509-8A01-CCF00F0B7D13}
		{7248FE04-092C-4FF4-B89E-837A82956F71} = {4FEF2F7E-1640-4509-8A01-CCF00F0B7D13}
	EndGlobalSection
	GlobalSection(ExtensibilityGlobals) = postSolution
		SolutionGuid = {FECF9C78-A5AF-4ECF-A674-B7CE4FEFCD5B}
	EndGlobalSection
EndGlobal
